// !$*UTF8*$!
{
	archiveVersion = 1;
	classes = {
	};
	objectVersion = 46;
	objects = {

/* Begin PBXBuildFile section */
		26F4463E19FB79FCE1796D39 /* Pods_JB.framework in Frameworks */ = {isa = PBXBuildFile; fileRef = 732C46D6EDD1F0AB6A129A85 /* Pods_JB.framework */; };
		5019B5D61D67EC7700423579 /* JBTwitterTimeline.swift in Sources */ = {isa = PBXBuildFile; fileRef = 5019B5D51D67EC7700423579 /* JBTwitterTimeline.swift */; };
		5019B5DA1D68085F00423579 /* SeasonStatsViewController.swift in Sources */ = {isa = PBXBuildFile; fileRef = 5019B5D91D68085F00423579 /* SeasonStatsViewController.swift */; };
		5019B5DD1D6D639000423579 /* Assets.xcassets in Resources */ = {isa = PBXBuildFile; fileRef = 5026C25E1D65716B0057D046 /* Assets.xcassets */; };
		5026C2561D65716B0057D046 /* AppDelegate.swift in Sources */ = {isa = PBXBuildFile; fileRef = 5026C2551D65716B0057D046 /* AppDelegate.swift */; };
		5026C2581D65716B0057D046 /* HomeViewController.swift in Sources */ = {isa = PBXBuildFile; fileRef = 5026C2571D65716B0057D046 /* HomeViewController.swift */; };
		5026C25D1D65716B0057D046 /* Main.storyboard in Resources */ = {isa = PBXBuildFile; fileRef = 5026C25B1D65716B0057D046 /* Main.storyboard */; };
		5026C2621D65716B0057D046 /* LaunchScreen.storyboard in Resources */ = {isa = PBXBuildFile; fileRef = 5026C2601D65716B0057D046 /* LaunchScreen.storyboard */; };
		5026C2701D65B4D80057D046 /* GameLogViewController.swift in Sources */ = {isa = PBXBuildFile; fileRef = 5026C26F1D65B4D80057D046 /* GameLogViewController.swift */; };
		5026C2721D65B6590057D046 /* GameCell.swift in Sources */ = {isa = PBXBuildFile; fileRef = 5026C2711D65B6590057D046 /* GameCell.swift */; };
		502FA983212CD8B90036FEDE /* GameCell.xib in Resources */ = {isa = PBXBuildFile; fileRef = 502FA982212CD8B90036FEDE /* GameCell.xib */; };
		502FA987212CDF370036FEDE /* BaseStatView.xib in Resources */ = {isa = PBXBuildFile; fileRef = 502FA986212CDF360036FEDE /* BaseStatView.xib */; };
		502FA989212CDF3C0036FEDE /* StatRow.xib in Resources */ = {isa = PBXBuildFile; fileRef = 502FA988212CDF3C0036FEDE /* StatRow.xib */; };
		502FA98B212CDF430036FEDE /* PlayerOverviewHead.xib in Resources */ = {isa = PBXBuildFile; fileRef = 502FA98A212CDF430036FEDE /* PlayerOverviewHead.xib */; };
		502FA98D212CDF490036FEDE /* PlayerPersonal.xib in Resources */ = {isa = PBXBuildFile; fileRef = 502FA98C212CDF490036FEDE /* PlayerPersonal.xib */; };
		502FA98F212CE2CE0036FEDE /* BaseStatView.swift in Sources */ = {isa = PBXBuildFile; fileRef = 502FA98E212CE2CE0036FEDE /* BaseStatView.swift */; };
		502FA991212CE2DF0036FEDE /* AdvancedStatView.swift in Sources */ = {isa = PBXBuildFile; fileRef = 502FA990212CE2DF0036FEDE /* AdvancedStatView.swift */; };
		502FA993212CE2EC0036FEDE /* StatRow.swift in Sources */ = {isa = PBXBuildFile; fileRef = 502FA992212CE2EC0036FEDE /* StatRow.swift */; };
		502FA995212CE7560036FEDE /* PlayerOverviewHead.swift in Sources */ = {isa = PBXBuildFile; fileRef = 502FA994212CE7560036FEDE /* PlayerOverviewHead.swift */; };
		502FA997212CE7C80036FEDE /* PlayerPersonal.swift in Sources */ = {isa = PBXBuildFile; fileRef = 502FA996212CE7C80036FEDE /* PlayerPersonal.swift */; };
		50C2A0D6212D2CB200170840 /* TwitterVC.swift in Sources */ = {isa = PBXBuildFile; fileRef = 50C2A0D5212D2CB200170840 /* TwitterVC.swift */; };
		50C2A0D8212D446300170840 /* AdvancedStatView.xib in Resources */ = {isa = PBXBuildFile; fileRef = 50C2A0D7212D446300170840 /* AdvancedStatView.xib */; };
		50DBBB861DD17523000EE4E4 /* MessageUI.framework in Frameworks */ = {isa = PBXBuildFile; fileRef = 50DBBB851DD17523000EE4E4 /* MessageUI.framework */; };
/* End PBXBuildFile section */

/* Begin PBXFileReference section */
		5019B5D51D67EC7700423579 /* JBTwitterTimeline.swift */ = {isa = PBXFileReference; fileEncoding = 4; lastKnownFileType = sourcecode.swift; path = JBTwitterTimeline.swift; sourceTree = "<group>"; };
		5019B5D91D68085F00423579 /* SeasonStatsViewController.swift */ = {isa = PBXFileReference; fileEncoding = 4; lastKnownFileType = sourcecode.swift; path = SeasonStatsViewController.swift; sourceTree = "<group>"; };
		5026C2521D65716B0057D046 /* JB.app */ = {isa = PBXFileReference; explicitFileType = wrapper.application; includeInIndex = 0; path = JB.app; sourceTree = BUILT_PRODUCTS_DIR; };
		5026C2551D65716B0057D046 /* AppDelegate.swift */ = {isa = PBXFileReference; lastKnownFileType = sourcecode.swift; path = AppDelegate.swift; sourceTree = "<group>"; };
		5026C2571D65716B0057D046 /* HomeViewController.swift */ = {isa = PBXFileReference; lastKnownFileType = sourcecode.swift; path = HomeViewController.swift; sourceTree = "<group>"; };
		5026C25C1D65716B0057D046 /* Base */ = {isa = PBXFileReference; lastKnownFileType = file.storyboard; name = Base; path = Base.lproj/Main.storyboard; sourceTree = "<group>"; };
		5026C25E1D65716B0057D046 /* Assets.xcassets */ = {isa = PBXFileReference; lastKnownFileType = folder.assetcatalog; path = Assets.xcassets; sourceTree = "<group>"; };
		5026C2611D65716B0057D046 /* Base */ = {isa = PBXFileReference; lastKnownFileType = file.storyboard; name = Base; path = Base.lproj/LaunchScreen.storyboard; sourceTree = "<group>"; };
		5026C2631D65716B0057D046 /* Info.plist */ = {isa = PBXFileReference; lastKnownFileType = text.plist.xml; path = Info.plist; sourceTree = "<group>"; };
		5026C26F1D65B4D80057D046 /* GameLogViewController.swift */ = {isa = PBXFileReference; fileEncoding = 4; lastKnownFileType = sourcecode.swift; path = GameLogViewController.swift; sourceTree = "<group>"; };
		5026C2711D65B6590057D046 /* GameCell.swift */ = {isa = PBXFileReference; fileEncoding = 4; lastKnownFileType = sourcecode.swift; path = GameCell.swift; sourceTree = "<group>"; };
		502FA982212CD8B90036FEDE /* GameCell.xib */ = {isa = PBXFileReference; fileEncoding = 4; lastKnownFileType = file.xib; path = GameCell.xib; sourceTree = "<group>"; };
		502FA986212CDF360036FEDE /* BaseStatView.xib */ = {isa = PBXFileReference; fileEncoding = 4; lastKnownFileType = file.xib; path = BaseStatView.xib; sourceTree = "<group>"; };
		502FA988212CDF3C0036FEDE /* StatRow.xib */ = {isa = PBXFileReference; fileEncoding = 4; lastKnownFileType = file.xib; path = StatRow.xib; sourceTree = "<group>"; };
		502FA98A212CDF430036FEDE /* PlayerOverviewHead.xib */ = {isa = PBXFileReference; fileEncoding = 4; lastKnownFileType = file.xib; path = PlayerOverviewHead.xib; sourceTree = "<group>"; };
		502FA98C212CDF490036FEDE /* PlayerPersonal.xib */ = {isa = PBXFileReference; fileEncoding = 4; lastKnownFileType = file.xib; path = PlayerPersonal.xib; sourceTree = "<group>"; };
		502FA98E212CE2CE0036FEDE /* BaseStatView.swift */ = {isa = PBXFileReference; lastKnownFileType = sourcecode.swift; path = BaseStatView.swift; sourceTree = "<group>"; };
		502FA990212CE2DF0036FEDE /* AdvancedStatView.swift */ = {isa = PBXFileReference; lastKnownFileType = sourcecode.swift; path = AdvancedStatView.swift; sourceTree = "<group>"; };
		502FA992212CE2EC0036FEDE /* StatRow.swift */ = {isa = PBXFileReference; lastKnownFileType = sourcecode.swift; path = StatRow.swift; sourceTree = "<group>"; };
		502FA994212CE7560036FEDE /* PlayerOverviewHead.swift */ = {isa = PBXFileReference; lastKnownFileType = sourcecode.swift; path = PlayerOverviewHead.swift; sourceTree = "<group>"; };
		502FA996212CE7C80036FEDE /* PlayerPersonal.swift */ = {isa = PBXFileReference; lastKnownFileType = sourcecode.swift; path = PlayerPersonal.swift; sourceTree = "<group>"; };
		50C2A0D5212D2CB200170840 /* TwitterVC.swift */ = {isa = PBXFileReference; lastKnownFileType = sourcecode.swift; path = TwitterVC.swift; sourceTree = "<group>"; };
		50C2A0D7212D446300170840 /* AdvancedStatView.xib */ = {isa = PBXFileReference; fileEncoding = 4; lastKnownFileType = file.xib; path = AdvancedStatView.xib; sourceTree = "<group>"; };
		50DBBB851DD17523000EE4E4 /* MessageUI.framework */ = {isa = PBXFileReference; lastKnownFileType = wrapper.framework; name = MessageUI.framework; path = System/Library/Frameworks/MessageUI.framework; sourceTree = SDKROOT; };
		732C46D6EDD1F0AB6A129A85 /* Pods_JB.framework */ = {isa = PBXFileReference; explicitFileType = wrapper.framework; includeInIndex = 0; path = Pods_JB.framework; sourceTree = BUILT_PRODUCTS_DIR; };
		BFAE4EF8EB2AA23AD45B75A2 /* Pods-JB.release.xcconfig */ = {isa = PBXFileReference; includeInIndex = 1; lastKnownFileType = text.xcconfig; name = "Pods-JB.release.xcconfig"; path = "Pods/Target Support Files/Pods-JB/Pods-JB.release.xcconfig"; sourceTree = "<group>"; };
		E1284844A198D696389592A7 /* Pods-JB.debug.xcconfig */ = {isa = PBXFileReference; includeInIndex = 1; lastKnownFileType = text.xcconfig; name = "Pods-JB.debug.xcconfig"; path = "Pods/Target Support Files/Pods-JB/Pods-JB.debug.xcconfig"; sourceTree = "<group>"; };
/* End PBXFileReference section */

/* Begin PBXFrameworksBuildPhase section */
		5026C24F1D65716B0057D046 /* Frameworks */ = {
			isa = PBXFrameworksBuildPhase;
			buildActionMask = 2147483647;
			files = (
				50DBBB861DD17523000EE4E4 /* MessageUI.framework in Frameworks */,
				26F4463E19FB79FCE1796D39 /* Pods_JB.framework in Frameworks */,
			);
			runOnlyForDeploymentPostprocessing = 0;
		};
/* End PBXFrameworksBuildPhase section */

/* Begin PBXGroup section */
		5019B5CA1D67D1DB00423579 /* Views */ = {
			isa = PBXGroup;
			children = (
				502FA982212CD8B90036FEDE /* GameCell.xib */,
				5026C2711D65B6590057D046 /* GameCell.swift */,
				502FA986212CDF360036FEDE /* BaseStatView.xib */,
				502FA98E212CE2CE0036FEDE /* BaseStatView.swift */,
				50C2A0D7212D446300170840 /* AdvancedStatView.xib */,
				502FA990212CE2DF0036FEDE /* AdvancedStatView.swift */,
				502FA988212CDF3C0036FEDE /* StatRow.xib */,
				502FA992212CE2EC0036FEDE /* StatRow.swift */,
				502FA98A212CDF430036FEDE /* PlayerOverviewHead.xib */,
				502FA994212CE7560036FEDE /* PlayerOverviewHead.swift */,
				502FA98C212CDF490036FEDE /* PlayerPersonal.xib */,
				502FA996212CE7C80036FEDE /* PlayerPersonal.swift */,
			);
			name = Views;
			sourceTree = "<group>";
		};
		5019B5CB1D67D1E200423579 /* Controllers */ = {
			isa = PBXGroup;
			children = (
				5026C2571D65716B0057D046 /* HomeViewController.swift */,
				5026C26F1D65B4D80057D046 /* GameLogViewController.swift */,
				5019B5D91D68085F00423579 /* SeasonStatsViewController.swift */,
				50C2A0D5212D2CB200170840 /* TwitterVC.swift */,
				5019B5D51D67EC7700423579 /* JBTwitterTimeline.swift */,
			);
			name = Controllers;
			sourceTree = "<group>";
		};
		5026C2491D65716B0057D046 = {
			isa = PBXGroup;
			children = (
				5026C2541D65716B0057D046 /* JB */,
				5026C2531D65716B0057D046 /* Products */,
				50DBBB841DD17523000EE4E4 /* Frameworks */,
				F7C40C9DB344B57748DC2F9A /* Pods */,
			);
			sourceTree = "<group>";
		};
		5026C2531D65716B0057D046 /* Products */ = {
			isa = PBXGroup;
			children = (
				5026C2521D65716B0057D046 /* JB.app */,
			);
			name = Products;
			sourceTree = "<group>";
		};
		5026C2541D65716B0057D046 /* JB */ = {
			isa = PBXGroup;
			children = (
				5026C25B1D65716B0057D046 /* Main.storyboard */,
				5026C2601D65716B0057D046 /* LaunchScreen.storyboard */,
				5026C2551D65716B0057D046 /* AppDelegate.swift */,
				5019B5CA1D67D1DB00423579 /* Views */,
				5019B5CB1D67D1E200423579 /* Controllers */,
				5026C25E1D65716B0057D046 /* Assets.xcassets */,
				5026C2631D65716B0057D046 /* Info.plist */,
			);
			path = JB;
			sourceTree = "<group>";
		};
		50DBBB841DD17523000EE4E4 /* Frameworks */ = {
			isa = PBXGroup;
			children = (
				50DBBB851DD17523000EE4E4 /* MessageUI.framework */,
				732C46D6EDD1F0AB6A129A85 /* Pods_JB.framework */,
			);
			name = Frameworks;
			sourceTree = "<group>";
		};
		F7C40C9DB344B57748DC2F9A /* Pods */ = {
			isa = PBXGroup;
			children = (
				E1284844A198D696389592A7 /* Pods-JB.debug.xcconfig */,
				BFAE4EF8EB2AA23AD45B75A2 /* Pods-JB.release.xcconfig */,
			);
			name = Pods;
			sourceTree = "<group>";
		};
/* End PBXGroup section */

/* Begin PBXNativeTarget section */
		5026C2511D65716B0057D046 /* JB */ = {
			isa = PBXNativeTarget;
			buildConfigurationList = 5026C2661D65716B0057D046 /* Build configuration list for PBXNativeTarget "JB" */;
			buildPhases = (
				D1D61554F8D3495F9443DE12 /* [CP] Check Pods Manifest.lock */,
				5026C24E1D65716B0057D046 /* Sources */,
				5026C24F1D65716B0057D046 /* Frameworks */,
				5026C2501D65716B0057D046 /* Resources */,
				1BFD574B7148D53AD395D2D9 /* [CP] Embed Pods Frameworks */,
				D42FA6CCC8DDCBD4F8674921 /* [CP] Copy Pods Resources */,
			);
			buildRules = (
			);
			dependencies = (
			);
			name = JB;
			productName = JB;
			productReference = 5026C2521D65716B0057D046 /* JB.app */;
			productType = "com.apple.product-type.application";
		};
/* End PBXNativeTarget section */

/* Begin PBXProject section */
		5026C24A1D65716B0057D046 /* Project object */ = {
			isa = PBXProject;
			attributes = {
				LastSwiftUpdateCheck = 0730;
				LastUpgradeCheck = 0730;
				ORGANIZATIONNAME = "Raymond Li";
				TargetAttributes = {
					5026C2511D65716B0057D046 = {
						CreatedOnToolsVersion = 7.3.1;
						DevelopmentTeam = 267CUWQRU3;
						LastSwiftMigration = 0810;
						ProvisioningStyle = Automatic;
					};
				};
			};
			buildConfigurationList = 5026C24D1D65716B0057D046 /* Build configuration list for PBXProject "JB" */;
			compatibilityVersion = "Xcode 3.2";
			developmentRegion = English;
			hasScannedForEncodings = 0;
			knownRegions = (
				en,
				Base,
			);
			mainGroup = 5026C2491D65716B0057D046;
			productRefGroup = 5026C2531D65716B0057D046 /* Products */;
			projectDirPath = "";
			projectRoot = "";
			targets = (
				5026C2511D65716B0057D046 /* JB */,
			);
		};
/* End PBXProject section */

/* Begin PBXResourcesBuildPhase section */
		5026C2501D65716B0057D046 /* Resources */ = {
			isa = PBXResourcesBuildPhase;
			buildActionMask = 2147483647;
			files = (
				502FA98D212CDF490036FEDE /* PlayerPersonal.xib in Resources */,
				502FA989212CDF3C0036FEDE /* StatRow.xib in Resources */,
				502FA987212CDF370036FEDE /* BaseStatView.xib in Resources */,
				50C2A0D8212D446300170840 /* AdvancedStatView.xib in Resources */,
				502FA983212CD8B90036FEDE /* GameCell.xib in Resources */,
				5026C2621D65716B0057D046 /* LaunchScreen.storyboard in Resources */,
				5019B5DD1D6D639000423579 /* Assets.xcassets in Resources */,
				502FA98B212CDF430036FEDE /* PlayerOverviewHead.xib in Resources */,
				5026C25D1D65716B0057D046 /* Main.storyboard in Resources */,
			);
			runOnlyForDeploymentPostprocessing = 0;
		};
/* End PBXResourcesBuildPhase section */

/* Begin PBXShellScriptBuildPhase section */
		1BFD574B7148D53AD395D2D9 /* [CP] Embed Pods Frameworks */ = {
			isa = PBXShellScriptBuildPhase;
			buildActionMask = 2147483647;
			files = (
			);
			inputPaths = (
				"${SRCROOT}/Pods/Target Support Files/Pods-JB/Pods-JB-frameworks.sh",
				"${PODS_ROOT}/TwitterCore/iOS/TwitterCore.framework",
				"${PODS_ROOT}/TwitterKit/iOS/TwitterKit.framework",
			);
			name = "[CP] Embed Pods Frameworks";
			outputPaths = (
				"${TARGET_BUILD_DIR}/${FRAMEWORKS_FOLDER_PATH}/TwitterCore.framework",
				"${TARGET_BUILD_DIR}/${FRAMEWORKS_FOLDER_PATH}/TwitterKit.framework",
			);
			runOnlyForDeploymentPostprocessing = 0;
			shellPath = /bin/sh;
			shellScript = "\"${SRCROOT}/Pods/Target Support Files/Pods-JB/Pods-JB-frameworks.sh\"\n";
			showEnvVarsInLog = 0;
		};
		D1D61554F8D3495F9443DE12 /* [CP] Check Pods Manifest.lock */ = {
			isa = PBXShellScriptBuildPhase;
			buildActionMask = 2147483647;
			files = (
			);
			inputPaths = (
				"${PODS_PODFILE_DIR_PATH}/Podfile.lock",
				"${PODS_ROOT}/Manifest.lock",
			);
			name = "[CP] Check Pods Manifest.lock";
			outputPaths = (
				"$(DERIVED_FILE_DIR)/Pods-JB-checkManifestLockResult.txt",
			);
			runOnlyForDeploymentPostprocessing = 0;
			shellPath = /bin/sh;
			shellScript = "diff \"${PODS_PODFILE_DIR_PATH}/Podfile.lock\" \"${PODS_ROOT}/Manifest.lock\" > /dev/null\nif [ $? != 0 ] ; then\n    # print error to STDERR\n    echo \"error: The sandbox is not in sync with the Podfile.lock. Run 'pod install' or update your CocoaPods installation.\" >&2\n    exit 1\nfi\n# This output is used by Xcode 'outputs' to avoid re-running this script phase.\necho \"SUCCESS\" > \"${SCRIPT_OUTPUT_FILE_0}\"\n";
			showEnvVarsInLog = 0;
		};
		D42FA6CCC8DDCBD4F8674921 /* [CP] Copy Pods Resources */ = {
			isa = PBXShellScriptBuildPhase;
			buildActionMask = 2147483647;
			files = (
			);
			inputPaths = (
				"${SRCROOT}/Pods/Target Support Files/Pods-JB/Pods-JB-resources.sh",
				"${PODS_ROOT}/TwitterKit/iOS/TwitterKit.framework/TwitterKitResources.bundle",
			);
			name = "[CP] Copy Pods Resources";
			outputPaths = (
				"${TARGET_BUILD_DIR}/${UNLOCALIZED_RESOURCES_FOLDER_PATH}/TwitterKitResources.bundle",
			);
			runOnlyForDeploymentPostprocessing = 0;
			shellPath = /bin/sh;
			shellScript = "\"${SRCROOT}/Pods/Target Support Files/Pods-JB/Pods-JB-resources.sh\"\n";
			showEnvVarsInLog = 0;
		};
/* End PBXShellScriptBuildPhase section */

/* Begin PBXSourcesBuildPhase section */
		5026C24E1D65716B0057D046 /* Sources */ = {
			isa = PBXSourcesBuildPhase;
			buildActionMask = 2147483647;
			files = (
				502FA997212CE7C80036FEDE /* PlayerPersonal.swift in Sources */,
				502FA993212CE2EC0036FEDE /* StatRow.swift in Sources */,
				5026C2721D65B6590057D046 /* GameCell.swift in Sources */,
				5019B5DA1D68085F00423579 /* SeasonStatsViewController.swift in Sources */,
				502FA98F212CE2CE0036FEDE /* BaseStatView.swift in Sources */,
				5026C2701D65B4D80057D046 /* GameLogViewController.swift in Sources */,
				5019B5D61D67EC7700423579 /* JBTwitterTimeline.swift in Sources */,
				502FA991212CE2DF0036FEDE /* AdvancedStatView.swift in Sources */,
				502FA995212CE7560036FEDE /* PlayerOverviewHead.swift in Sources */,
				5026C2561D65716B0057D046 /* AppDelegate.swift in Sources */,
				50C2A0D6212D2CB200170840 /* TwitterVC.swift in Sources */,
				5026C2581D65716B0057D046 /* HomeViewController.swift in Sources */,
			);
			runOnlyForDeploymentPostprocessing = 0;
		};
/* End PBXSourcesBuildPhase section */

/* Begin PBXVariantGroup section */
		5026C25B1D65716B0057D046 /* Main.storyboard */ = {
			isa = PBXVariantGroup;
			children = (
				5026C25C1D65716B0057D046 /* Base */,
			);
			name = Main.storyboard;
			sourceTree = "<group>";
		};
		5026C2601D65716B0057D046 /* LaunchScreen.storyboard */ = {
			isa = PBXVariantGroup;
			children = (
				5026C2611D65716B0057D046 /* Base */,
			);
			name = LaunchScreen.storyboard;
			sourceTree = "<group>";
		};
/* End PBXVariantGroup section */

/* Begin XCBuildConfiguration section */
		5026C2641D65716B0057D046 /* Debug */ = {
			isa = XCBuildConfiguration;
			buildSettings = {
				ALWAYS_SEARCH_USER_PATHS = NO;
				CLANG_ANALYZER_NONNULL = YES;
				CLANG_CXX_LANGUAGE_STANDARD = "gnu++0x";
				CLANG_CXX_LIBRARY = "libc++";
				CLANG_ENABLE_MODULES = YES;
				CLANG_ENABLE_OBJC_ARC = YES;
				CLANG_WARN_BOOL_CONVERSION = YES;
				CLANG_WARN_CONSTANT_CONVERSION = YES;
				CLANG_WARN_DIRECT_OBJC_ISA_USAGE = YES_ERROR;
				CLANG_WARN_EMPTY_BODY = YES;
				CLANG_WARN_ENUM_CONVERSION = YES;
				CLANG_WARN_INT_CONVERSION = YES;
				CLANG_WARN_OBJC_ROOT_CLASS = YES_ERROR;
				CLANG_WARN_UNREACHABLE_CODE = YES;
				CLANG_WARN__DUPLICATE_METHOD_MATCH = YES;
				"CODE_SIGN_IDENTITY[sdk=iphoneos*]" = "iPhone Developer";
				COPY_PHASE_STRIP = NO;
				DEBUG_INFORMATION_FORMAT = dwarf;
				ENABLE_STRICT_OBJC_MSGSEND = YES;
				ENABLE_TESTABILITY = YES;
				GCC_C_LANGUAGE_STANDARD = gnu99;
				GCC_DYNAMIC_NO_PIC = NO;
				GCC_NO_COMMON_BLOCKS = YES;
				GCC_OPTIMIZATION_LEVEL = 0;
				GCC_PREPROCESSOR_DEFINITIONS = (
					"DEBUG=1",
					"$(inherited)",
				);
				GCC_WARN_64_TO_32_BIT_CONVERSION = YES;
				GCC_WARN_ABOUT_RETURN_TYPE = YES_ERROR;
				GCC_WARN_UNDECLARED_SELECTOR = YES;
				GCC_WARN_UNINITIALIZED_AUTOS = YES_AGGRESSIVE;
				GCC_WARN_UNUSED_FUNCTION = YES;
				GCC_WARN_UNUSED_VARIABLE = YES;
				IPHONEOS_DEPLOYMENT_TARGET = 11.4;
				MTL_ENABLE_DEBUG_INFO = YES;
				ONLY_ACTIVE_ARCH = YES;
				PROVISIONING_PROFILE = "dc1be0fe-4a83-4cd7-a503-553c20d36383";
				SDKROOT = iphoneos;
				SWIFT_OPTIMIZATION_LEVEL = "-Onone";
			};
			name = Debug;
		};
		5026C2651D65716B0057D046 /* Release */ = {
			isa = XCBuildConfiguration;
			buildSettings = {
				ALWAYS_SEARCH_USER_PATHS = NO;
				CLANG_ANALYZER_NONNULL = YES;
				CLANG_CXX_LANGUAGE_STANDARD = "gnu++0x";
				CLANG_CXX_LIBRARY = "libc++";
				CLANG_ENABLE_MODULES = YES;
				CLANG_ENABLE_OBJC_ARC = YES;
				CLANG_WARN_BOOL_CONVERSION = YES;
				CLANG_WARN_CONSTANT_CONVERSION = YES;
				CLANG_WARN_DIRECT_OBJC_ISA_USAGE = YES_ERROR;
				CLANG_WARN_EMPTY_BODY = YES;
				CLANG_WARN_ENUM_CONVERSION = YES;
				CLANG_WARN_INT_CONVERSION = YES;
				CLANG_WARN_OBJC_ROOT_CLASS = YES_ERROR;
				CLANG_WARN_UNREACHABLE_CODE = YES;
				CLANG_WARN__DUPLICATE_METHOD_MATCH = YES;
				"CODE_SIGN_IDENTITY[sdk=iphoneos*]" = "iPhone Developer";
				COPY_PHASE_STRIP = NO;
				DEBUG_INFORMATION_FORMAT = "dwarf-with-dsym";
				ENABLE_NS_ASSERTIONS = NO;
				ENABLE_STRICT_OBJC_MSGSEND = YES;
				GCC_C_LANGUAGE_STANDARD = gnu99;
				GCC_NO_COMMON_BLOCKS = YES;
				GCC_WARN_64_TO_32_BIT_CONVERSION = YES;
				GCC_WARN_ABOUT_RETURN_TYPE = YES_ERROR;
				GCC_WARN_UNDECLARED_SELECTOR = YES;
				GCC_WARN_UNINITIALIZED_AUTOS = YES_AGGRESSIVE;
				GCC_WARN_UNUSED_FUNCTION = YES;
				GCC_WARN_UNUSED_VARIABLE = YES;
				IPHONEOS_DEPLOYMENT_TARGET = 11.4;
				MTL_ENABLE_DEBUG_INFO = NO;
				PROVISIONING_PROFILE = "dc1be0fe-4a83-4cd7-a503-553c20d36383";
				SDKROOT = iphoneos;
				VALIDATE_PRODUCT = YES;
			};
			name = Release;
		};
		5026C2671D65716B0057D046 /* Debug */ = {
			isa = XCBuildConfiguration;
			baseConfigurationReference = E1284844A198D696389592A7 /* Pods-JB.debug.xcconfig */;
			buildSettings = {
				ASSETCATALOG_COMPILER_APPICON_NAME = AppIcon;
				CODE_SIGN_IDENTITY = "iPhone Developer";
				"CODE_SIGN_IDENTITY[sdk=iphoneos*]" = "iPhone Developer";
				DEVELOPMENT_TEAM = 267CUWQRU3;
				FRAMEWORK_SEARCH_PATHS = (
					"$(inherited)",
					"$(PROJECT_DIR)",
				);
				INFOPLIST_FILE = JB/Info.plist;
				LD_RUNPATH_SEARCH_PATHS = "$(inherited) @executable_path/Frameworks";
				"OTHER_CODE_SIGN_FLAGS[sdk=*]" = "";
				PRODUCT_BUNDLE_IDENTIFIER = com.devslopes.JB;
				PRODUCT_NAME = "$(TARGET_NAME)";
				PROVISIONING_PROFILE = "";
				PROVISIONING_PROFILE_SPECIFIER = "";
				SWIFT_VERSION = 3.0;
				TARGETED_DEVICE_FAMILY = "1,2";
			};
			name = Debug;
		};
		5026C2681D65716B0057D046 /* Release */ = {
			isa = XCBuildConfiguration;
			baseConfigurationReference = BFAE4EF8EB2AA23AD45B75A2 /* Pods-JB.release.xcconfig */;
			buildSettings = {
				ASSETCATALOG_COMPILER_APPICON_NAME = AppIcon;
				CODE_SIGN_IDENTITY = "iPhone Developer";
				"CODE_SIGN_IDENTITY[sdk=iphoneos*]" = "iPhone Developer";
				DEVELOPMENT_TEAM = 267CUWQRU3;
				FRAMEWORK_SEARCH_PATHS = (
					"$(inherited)",
					"$(PROJECT_DIR)",
				);
				INFOPLIST_FILE = JB/Info.plist;
				LD_RUNPATH_SEARCH_PATHS = "$(inherited) @executable_path/Frameworks";
				PRODUCT_BUNDLE_IDENTIFIER = com.devslopes.JB;
				PRODUCT_NAME = "$(TARGET_NAME)";
				PROVISIONING_PROFILE = "";
				PROVISIONING_PROFILE_SPECIFIER = "";
				SWIFT_VERSION = 3.0;
				TARGETED_DEVICE_FAMILY = "1,2";
			};
			name = Release;
		};
/* End XCBuildConfiguration section */

/* Begin XCConfigurationList section */
		5026C24D1D65716B0057D046 /* Build configuration list for PBXProject "JB" */ = {
			isa = XCConfigurationList;
			buildConfigurations = (
				5026C2641D65716B0057D046 /* Debug */,
				5026C2651D65716B0057D046 /* Release */,
			);
			defaultConfigurationIsVisible = 0;
			defaultConfigurationName = Release;
		};
		5026C2661D65716B0057D046 /* Build configuration list for PBXNativeTarget "JB" */ = {
			isa = XCConfigurationList;
			buildConfigurations = (
				5026C2671D65716B0057D046 /* Debug */,
				5026C2681D65716B0057D046 /* Release */,
			);
			defaultConfigurationIsVisible = 0;
			defaultConfigurationName = Release;
		};
/* End XCConfigurationList section */
	};
	rootObject = 5026C24A1D65716B0057D046 /* Project object */;
}
